# This file is automatically @generated by Cargo.
# It is not intended for manual editing.
version = 4

[[package]]
name = "aocgrid"
version = "0.1.0"
dependencies = [
 "itertools",
]

[[package]]
name = "aocpath"
version = "0.1.0"
dependencies = [
 "thiserror",
]

[[package]]
name = "day01"
version = "0.1.0"
dependencies = [
 "itertools",
]

[[package]]
name = "day02"
version = "0.1.0"
dependencies = [
 "itertools",
]

[[package]]
name = "day03"
version = "0.1.0"
dependencies = [
 "peg",
]

[[package]]
name = "day04"
version = "0.1.0"

[[package]]
name = "day05"
version = "0.1.0"
dependencies = [
 "peg",
]

[[package]]
name = "day06"
version = "0.1.0"

[[package]]
name = "day07"
version = "0.1.0"
dependencies = [
 "itertools",
]

[[package]]
name = "day08"
version = "0.1.0"
dependencies = [
 "itertools",
]

[[package]]
name = "day09"
version = "0.1.0"

[[package]]
name = "day10"
version = "0.1.0"
dependencies = [
 "itertools",
]

[[package]]
name = "day11"
version = "0.1.0"
dependencies = [
 "itertools",
]

[[package]]
name = "day12"
version = "0.1.0"

[[package]]
name = "day13"
version = "0.1.0"
dependencies = [
 "itertools",
 "peg",
]

[[package]]
name = "day14"
version = "0.1.0"

[[package]]
name = "day15"
version = "0.1.0"
dependencies = [
 "aocgrid",
 "itertools",
]

[[package]]
name = "day16"
version = "0.1.0"
dependencies = [
 "aocgrid",
 "aocpath",
 "itertools",
]

[[package]]
name = "day17"
version = "0.1.0"
dependencies = [
 "itertools",
]

[[package]]
name = "day18"
version = "0.1.0"
dependencies = [
 "aocgrid",
 "aocpath",
]

[[package]]
name = "day19"
version = "0.1.0"
dependencies = [
 "itertools",
]

[[package]]
name = "day20"
version = "0.1.0"
dependencies = [
 "aocgrid",
 "aocpath",
 "itertools",
]

[[package]]
name = "day21"
version = "0.1.0"
dependencies = [
 "itertools",
]

[[package]]
name = "day22"
version = "0.1.0"

[[package]]
name = "day23"
version = "0.1.0"

[[package]]
name = "day24"
version = "0.1.0"

[[package]]
name = "day25"
version = "0.1.0"

[[package]]
name = "either"
version = "1.13.0"
source = "registry+https://github.com/rust-lang/crates.io-index"
checksum = "60b1af1c220855b6ceac025d3f6ecdd2b7c4894bfe9cd9bda4fbb4bc7c0d4cf0"

[[package]]
name = "itertools"
version = "0.13.0"
source = "registry+https://github.com/rust-lang/crates.io-index"
checksum = "413ee7dfc52ee1a4949ceeb7dbc8a33f2d6c088194d9f922fb8318faf1f01186"
dependencies = [
 "either",
]

[[package]]
name = "peg"
version = "0.8.4"
source = "registry+https://github.com/rust-lang/crates.io-index"
checksum = "295283b02df346d1ef66052a757869b2876ac29a6bb0ac3f5f7cd44aebe40e8f"
dependencies = [
 "peg-macros",
 "peg-runtime",
]

[[package]]
name = "peg-macros"
version = "0.8.4"
source = "registry+https://github.com/rust-lang/crates.io-index"
checksum = "bdad6a1d9cf116a059582ce415d5f5566aabcd4008646779dab7fdc2a9a9d426"
dependencies = [
 "peg-runtime",
 "proc-macro2",
 "quote",
]

[[package]]
name = "peg-runtime"
version = "0.8.3"
source = "registry+https://github.com/rust-lang/crates.io-index"
checksum = "e3aeb8f54c078314c2065ee649a7241f46b9d8e418e1a9581ba0546657d7aa3a"

[[package]]
name = "proc-macro2"
version = "1.0.92"
source = "registry+https://github.com/rust-lang/crates.io-index"
checksum = "37d3544b3f2748c54e147655edb5025752e2303145b5aefb3c3ea2c78b973bb0"
dependencies = [
 "unicode-ident",
]

[[package]]
name = "quote"
version = "1.0.37"
source = "registry+https://github.com/rust-lang/crates.io-index"
checksum = "b5b9d34b8991d19d98081b46eacdd8eb58c6f2b201139f7c5f643cc155a633af"
dependencies = [
 "proc-macro2",
]

[[package]]
name = "syn"
version = "2.0.90"
source = "registry+https://github.com/rust-lang/crates.io-index"
checksum = "919d3b74a5dd0ccd15aeb8f93e7006bd9e14c295087c9896a110f490752bcf31"
dependencies = [
 "proc-macro2",
 "quote",
 "unicode-ident",
]

[[package]]
name = "thiserror"
version = "2.0.7"
source = "registry+https://github.com/rust-lang/crates.io-index"
checksum = "93605438cbd668185516ab499d589afb7ee1859ea3d5fc8f6b0755e1c7443767"
dependencies = [
 "thiserror-impl",
]

[[package]]
name = "thiserror-impl"
version = "2.0.7"
source = "registry+https://github.com/rust-lang/crates.io-index"
checksum = "e1d8749b4531af2117677a5fcd12b1348a3fe2b81e36e61ffeac5c4aa3273e36"
dependencies = [
 "proc-macro2",
 "quote",
 "syn",
]

[[package]]
name = "unicode-ident"
version = "1.0.14"
source = "registry+https://github.com/rust-lang/crates.io-index"
checksum = "adb9e6ca4f869e1180728b7950e35922a7fc6397f7b641499e8f3ef06e50dc83"
