# This file is automatically @generated by Cargo.
# It is not intended for manual editing.
version = 4

[[package]]
name = "aocgrid"
version = "0.1.0"
dependencies = [
 "itertools",
]

[[package]]
name = "aocpath"
version = "0.1.0"
dependencies = [
 "thiserror",
]

[[package]]
name = "day01"
version = "0.1.0"
dependencies = [
 "itertools",
]

[[package]]
name = "day02"
version = "0.1.0"
dependencies = [
 "itertools",
]

[[package]]
name = "day03"
version = "0.1.0"
dependencies = [
 "itertools",
]

[[package]]
name = "day04"
version = "0.1.0"
dependencies = [
 "itertools",
]

[[package]]
name = "day05"
version = "0.1.0"
dependencies = [
 "aocgrid",
 "itertools",
]

[[package]]
name = "day06"
version = "0.1.0"
dependencies = [
 "itertools",
]

[[package]]
name = "day07"
version = "0.1.0"
dependencies = [
 "itertools",
]

[[package]]
name = "day08"
version = "0.1.0"
dependencies = [
 "aocgrid",
 "itertools",
]

[[package]]
name = "day09"
version = "0.1.0"
dependencies = [
 "itertools",
]

[[package]]
name = "day10"
version = "0.1.0"
dependencies = [
 "itertools",
]

[[package]]
name = "day11"
version = "0.1.0"
dependencies = [
 "itertools",
]

[[package]]
name = "day12"
version = "0.1.0"
dependencies = [
 "itertools",
]

[[package]]
name = "day13"
version = "0.1.0"
dependencies = [
 "itertools",
]

[[package]]
name = "day14"
version = "0.1.0"
dependencies = [
 "itertools",
]

[[package]]
name = "day15"
version = "0.1.0"
dependencies = [
 "itertools",
]

[[package]]
name = "day16"
version = "0.1.0"
dependencies = [
 "itertools",
]

[[package]]
name = "day17"
version = "0.1.0"
dependencies = [
 "itertools",
]

[[package]]
name = "day18"
version = "0.1.0"
dependencies = [
 "itertools",
]

[[package]]
name = "day19"
version = "0.1.0"
dependencies = [
 "itertools",
]

[[package]]
name = "day20"
version = "0.1.0"
dependencies = [
 "itertools",
]

[[package]]
name = "day21"
version = "0.1.0"
dependencies = [
 "itertools",
]

[[package]]
name = "day22"
version = "0.1.0"
dependencies = [
 "itertools",
]

[[package]]
name = "day23"
version = "0.1.0"
dependencies = [
 "itertools",
]

[[package]]
name = "day24"
version = "0.1.0"
dependencies = [
 "itertools",
]

[[package]]
name = "day25"
version = "0.1.0"
dependencies = [
 "itertools",
]

[[package]]
name = "either"
version = "1.13.0"
source = "registry+https://github.com/rust-lang/crates.io-index"
checksum = "60b1af1c220855b6ceac025d3f6ecdd2b7c4894bfe9cd9bda4fbb4bc7c0d4cf0"

[[package]]
name = "itertools"
version = "0.13.0"
source = "registry+https://github.com/rust-lang/crates.io-index"
checksum = "413ee7dfc52ee1a4949ceeb7dbc8a33f2d6c088194d9f922fb8318faf1f01186"
dependencies = [
 "either",
]

[[package]]
name = "proc-macro2"
version = "1.0.92"
source = "registry+https://github.com/rust-lang/crates.io-index"
checksum = "37d3544b3f2748c54e147655edb5025752e2303145b5aefb3c3ea2c78b973bb0"
dependencies = [
 "unicode-ident",
]

[[package]]
name = "quote"
version = "1.0.38"
source = "registry+https://github.com/rust-lang/crates.io-index"
checksum = "0e4dccaaaf89514f546c693ddc140f729f958c247918a13380cccc6078391acc"
dependencies = [
 "proc-macro2",
]

[[package]]
name = "syn"
version = "2.0.95"
source = "registry+https://github.com/rust-lang/crates.io-index"
checksum = "46f71c0377baf4ef1cc3e3402ded576dccc315800fbc62dfc7fe04b009773b4a"
dependencies = [
 "proc-macro2",
 "quote",
 "unicode-ident",
]

[[package]]
name = "thiserror"
version = "2.0.9"
source = "registry+https://github.com/rust-lang/crates.io-index"
checksum = "f072643fd0190df67a8bab670c20ef5d8737177d6ac6b2e9a236cb096206b2cc"
dependencies = [
 "thiserror-impl",
]

[[package]]
name = "thiserror-impl"
version = "2.0.9"
source = "registry+https://github.com/rust-lang/crates.io-index"
checksum = "7b50fa271071aae2e6ee85f842e2e28ba8cd2c5fb67f11fcb1fd70b276f9e7d4"
dependencies = [
 "proc-macro2",
 "quote",
 "syn",
]

[[package]]
name = "unicode-ident"
version = "1.0.14"
source = "registry+https://github.com/rust-lang/crates.io-index"
checksum = "adb9e6ca4f869e1180728b7950e35922a7fc6397f7b641499e8f3ef06e50dc83"
